
Microsoft Visual Studio Solution File, Format Version 12.00
# Visual Studio 15
VisualStudioVersion = 15.0.26730.16
MinimumVisualStudioVersion = 10.0.40219.1
Project("{FAE04EC0-301F-11D3-BF4B-00C04F79EFBC}") = "ClassLibraryFramework", "ClassLibraryFramework\ClassLibraryFramework.csproj", "{97848D6D-6B0B-46E7-BA3F-3C4E5FF802BA}"
EndProject
Global
	GlobalSection(SolutionConfigurationPlatforms) = preSolution
		Debug|Any CPU = Debug|Any CPU
		Release|Any CPU = Release|Any CPU
	EndGlobalSection
	GlobalSection(ProjectConfigurationPlatforms) = postSolution
		{97848D6D-6B0B-46E7-BA3F-3C4E5FF802BA}.Debug|Any CPU.ActiveCfg = Debug|Any CPU
		{97848D6D-6B0B-46E7-BA3F-3C4E5FF802BA}.Debug|Any CPU.Build.0 = Debug|Any CPU
		{97848D6D-6B0B-46E7-BA3F-3C4E5FF802BA}.Release|Any CPU.ActiveCfg = Release|Any CPU
		{97848D6D-6B0B-46E7-BA3F-3C4E5FF802BA}.Release|Any CPU.Build.0 = Release|Any CPU
	EndGlobalSection
	GlobalSection(SolutionProperties) = preSolution
		HideSolutionNode = FALSE
	EndGlobalSection
	GlobalSection(ExtensibilityGlobals) = postSolution
		SolutionGuid = {EEC1B5F0-B6EA-465C-B250-CB2F4C8CC9BA}
	EndGlobalSection
EndGlobal
