
Microsoft Visual Studio Solution File, Format Version 12.00
# Visual Studio 15
VisualStudioVersion = 15.0.26730.16
MinimumVisualStudioVersion = 10.0.40219.1
Project("{FAE04EC0-301F-11D3-BF4B-00C04F79EFBC}") = "ConsoleApp5", "ConsoleApp5\ConsoleApp5.csproj", "{AC0E268C-BF61-4BB1-8FBE-F4B3AE7B448E}"
EndProject
Project("{FAE04EC0-301F-11D3-BF4B-00C04F79EFBC}") = "ConsLib", "ConsLib\ConsLib.csproj", "{805447B9-1BC5-4BE0-AB86-CB6FBE69C6E3}"
EndProject
Global
	GlobalSection(SolutionConfigurationPlatforms) = preSolution
		Debug|Any CPU = Debug|Any CPU
		Release|Any CPU = Release|Any CPU
	EndGlobalSection
	GlobalSection(ProjectConfigurationPlatforms) = postSolution
		{AC0E268C-BF61-4BB1-8FBE-F4B3AE7B448E}.Debug|Any CPU.ActiveCfg = Debug|Any CPU
		{AC0E268C-BF61-4BB1-8FBE-F4B3AE7B448E}.Debug|Any CPU.Build.0 = Debug|Any CPU
		{AC0E268C-BF61-4BB1-8FBE-F4B3AE7B448E}.Release|Any CPU.ActiveCfg = Release|Any CPU
		{AC0E268C-BF61-4BB1-8FBE-F4B3AE7B448E}.Release|Any CPU.Build.0 = Release|Any CPU
		{805447B9-1BC5-4BE0-AB86-CB6FBE69C6E3}.Debug|Any CPU.ActiveCfg = Debug|Any CPU
		{805447B9-1BC5-4BE0-AB86-CB6FBE69C6E3}.Debug|Any CPU.Build.0 = Debug|Any CPU
		{805447B9-1BC5-4BE0-AB86-CB6FBE69C6E3}.Release|Any CPU.ActiveCfg = Release|Any CPU
		{805447B9-1BC5-4BE0-AB86-CB6FBE69C6E3}.Release|Any CPU.Build.0 = Release|Any CPU
	EndGlobalSection
	GlobalSection(SolutionProperties) = preSolution
		HideSolutionNode = FALSE
	EndGlobalSection
	GlobalSection(ExtensibilityGlobals) = postSolution
		SolutionGuid = {9E500543-CE79-47CC-BDA0-A6518217034A}
	EndGlobalSection
EndGlobal
